
Microsoft Visual Studio Solution File, Format Version 12.00
# Visual Studio 14
VisualStudioVersion = 14.0.23107.0
MinimumVisualStudioVersion = 10.0.40219.1
Project("{FAE04EC0-301F-11D3-BF4B-00C04F79EFBC}") = "DWTL", "DWTL\DWTL.csproj", "{1E409793-E6E4-4EA5-AAB5-1FE77B420767}"
EndProject
Project("{FAE04EC0-301F-11D3-BF4B-00C04F79EFBC}") = "DWTL.Tests", "DWTL.Tests\DWTL.Tests.csproj", "{31E4FAE4-675D-4863-B740-6A68030D9EBD}"
EndProject
Global
	GlobalSection(SolutionConfigurationPlatforms) = preSolution
		Debug|Any CPU = Debug|Any CPU
		Release|Any CPU = Release|Any CPU
	EndGlobalSection
	GlobalSection(ProjectConfigurationPlatforms) = postSolution
		{1E409793-E6E4-4EA5-AAB5-1FE77B420767}.Debug|Any CPU.ActiveCfg = Debug|Any CPU
		{1E409793-E6E4-4EA5-AAB5-1FE77B420767}.Debug|Any CPU.Build.0 = Debug|Any CPU
		{1E409793-E6E4-4EA5-AAB5-1FE77B420767}.Release|Any CPU.ActiveCfg = Release|Any CPU
		{1E409793-E6E4-4EA5-AAB5-1FE77B420767}.Release|Any CPU.Build.0 = Release|Any CPU
		{31E4FAE4-675D-4863-B740-6A68030D9EBD}.Debug|Any CPU.ActiveCfg = Debug|Any CPU
		{31E4FAE4-675D-4863-B740-6A68030D9EBD}.Debug|Any CPU.Build.0 = Debug|Any CPU
		{31E4FAE4-675D-4863-B740-6A68030D9EBD}.Release|Any CPU.ActiveCfg = Release|Any CPU
		{31E4FAE4-675D-4863-B740-6A68030D9EBD}.Release|Any CPU.Build.0 = Release|Any CPU
	EndGlobalSection
	GlobalSection(SolutionProperties) = preSolution
		HideSolutionNode = FALSE
	EndGlobalSection
EndGlobal
